
Microsoft Visual Studio Solution File, Format Version 12.00
# Visual Studio Version 17
VisualStudioVersion = 17.6.33829.357
MinimumVisualStudioVersion = 10.0.40219.1
Project("{9A19103F-16F7-4668-BE54-9A1E7A4F7556}") = "authen_service", "authen_service.csproj", "{C6CA8D13-CA67-4E48-92CE-7EF3ED8776D1}"
EndProject
Project("{E53339B2-1760-4266-BCC7-CA923CBCF16C}") = "docker-compose", "docker-compose.dcproj", "{1716F189-EE28-4C91-9421-A75345147C20}"
EndProject
Global
	GlobalSection(SolutionConfigurationPlatforms) = preSolution
		Debug|Any CPU = Debug|Any CPU
		Release|Any CPU = Release|Any CPU
	EndGlobalSection
	GlobalSection(ProjectConfigurationPlatforms) = postSolution
		{C6CA8D13-CA67-4E48-92CE-7EF3ED8776D1}.Debug|Any CPU.ActiveCfg = Debug|Any CPU
		{C6CA8D13-CA67-4E48-92CE-7EF3ED8776D1}.Debug|Any CPU.Build.0 = Debug|Any CPU
		{C6CA8D13-CA67-4E48-92CE-7EF3ED8776D1}.Release|Any CPU.ActiveCfg = Release|Any CPU
		{C6CA8D13-CA67-4E48-92CE-7EF3ED8776D1}.Release|Any CPU.Build.0 = Release|Any CPU
		{1716F189-EE28-4C91-9421-A75345147C20}.Debug|Any CPU.ActiveCfg = Debug|Any CPU
		{1716F189-EE28-4C91-9421-A75345147C20}.Debug|Any CPU.Build.0 = Debug|Any CPU
		{1716F189-EE28-4C91-9421-A75345147C20}.Release|Any CPU.ActiveCfg = Release|Any CPU
		{1716F189-EE28-4C91-9421-A75345147C20}.Release|Any CPU.Build.0 = Release|Any CPU
	EndGlobalSection
	GlobalSection(SolutionProperties) = preSolution
		HideSolutionNode = FALSE
	EndGlobalSection
	GlobalSection(ExtensibilityGlobals) = postSolution
		SolutionGuid = {B5F1577D-D91A-4C4D-A1DF-D1CCB0BE7BE4}
	EndGlobalSection
EndGlobal
